
Microsoft Visual Studio Solution File, Format Version 12.00
# Visual Studio Version 16
VisualStudioVersion = 16.0.28407.52
MinimumVisualStudioVersion = 10.0.40219.1
Project("{2150E333-8FDC-42A3-9474-1A3956D46DE8}") = "src", "src", "{B2DAA9E4-FBCE-4700-A068-266D89EC8F20}"
EndProject
Project("{2150E333-8FDC-42A3-9474-1A3956D46DE8}") = "samples", "samples", "{343B3E57-D9DC-4F22-A7B0-2039F09D54D1}"
EndProject
Project("{9A19103F-16F7-4668-BE54-9A1E7A4F7556}") = "AutoRegisterWebApp", "samples\AutoRegisterWebApp\AutoRegisterWebApp.csproj", "{80D1C3F7-C20B-497B-8DB2-DD963DFE0BD8}"
EndProject
Project("{9A19103F-16F7-4668-BE54-9A1E7A4F7556}") = "Reyno.Extensions.DependencyInjection.AutoRegister", "src\Reyno.Extensions.DependencyInjection.AutoRegister\Reyno.Extensions.DependencyInjection.AutoRegister.csproj", "{8B317A0E-1248-4E2E-AF58-03AF129E57D7}"
EndProject
Project("{9A19103F-16F7-4668-BE54-9A1E7A4F7556}") = "AutoRegisterGenericHost", "samples\AutoRegisterGenericHost\AutoRegisterGenericHost.csproj", "{861B53BE-6562-423B-80C4-2D93534D54A7}"
EndProject
Project("{2150E333-8FDC-42A3-9474-1A3956D46DE8}") = "tests", "tests", "{7E781B66-8D32-410E-9E69-750A0A96CB90}"
EndProject
Project("{FAE04EC0-301F-11D3-BF4B-00C04F79EFBC}") = "AutoRegisterTests", "tests\AutoRegisterTests\AutoRegisterTests.csproj", "{4E4C8DAB-BBB3-4531-890A-846AEB50A5D7}"
EndProject
Global
	GlobalSection(SolutionConfigurationPlatforms) = preSolution
		Debug|Any CPU = Debug|Any CPU
		Release|Any CPU = Release|Any CPU
	EndGlobalSection
	GlobalSection(ProjectConfigurationPlatforms) = postSolution
		{80D1C3F7-C20B-497B-8DB2-DD963DFE0BD8}.Debug|Any CPU.ActiveCfg = Debug|Any CPU
		{80D1C3F7-C20B-497B-8DB2-DD963DFE0BD8}.Debug|Any CPU.Build.0 = Debug|Any CPU
		{80D1C3F7-C20B-497B-8DB2-DD963DFE0BD8}.Release|Any CPU.ActiveCfg = Release|Any CPU
		{80D1C3F7-C20B-497B-8DB2-DD963DFE0BD8}.Release|Any CPU.Build.0 = Release|Any CPU
		{8B317A0E-1248-4E2E-AF58-03AF129E57D7}.Debug|Any CPU.ActiveCfg = Debug|Any CPU
		{8B317A0E-1248-4E2E-AF58-03AF129E57D7}.Debug|Any CPU.Build.0 = Debug|Any CPU
		{8B317A0E-1248-4E2E-AF58-03AF129E57D7}.Release|Any CPU.ActiveCfg = Release|Any CPU
		{8B317A0E-1248-4E2E-AF58-03AF129E57D7}.Release|Any CPU.Build.0 = Release|Any CPU
		{861B53BE-6562-423B-80C4-2D93534D54A7}.Debug|Any CPU.ActiveCfg = Debug|Any CPU
		{861B53BE-6562-423B-80C4-2D93534D54A7}.Debug|Any CPU.Build.0 = Debug|Any CPU
		{861B53BE-6562-423B-80C4-2D93534D54A7}.Release|Any CPU.ActiveCfg = Release|Any CPU
		{861B53BE-6562-423B-80C4-2D93534D54A7}.Release|Any CPU.Build.0 = Release|Any CPU
		{4E4C8DAB-BBB3-4531-890A-846AEB50A5D7}.Debug|Any CPU.ActiveCfg = Debug|Any CPU
		{4E4C8DAB-BBB3-4531-890A-846AEB50A5D7}.Debug|Any CPU.Build.0 = Debug|Any CPU
		{4E4C8DAB-BBB3-4531-890A-846AEB50A5D7}.Release|Any CPU.ActiveCfg = Release|Any CPU
		{4E4C8DAB-BBB3-4531-890A-846AEB50A5D7}.Release|Any CPU.Build.0 = Release|Any CPU
	EndGlobalSection
	GlobalSection(SolutionProperties) = preSolution
		HideSolutionNode = FALSE
	EndGlobalSection
	GlobalSection(NestedProjects) = preSolution
		{80D1C3F7-C20B-497B-8DB2-DD963DFE0BD8} = {343B3E57-D9DC-4F22-A7B0-2039F09D54D1}
		{8B317A0E-1248-4E2E-AF58-03AF129E57D7} = {B2DAA9E4-FBCE-4700-A068-266D89EC8F20}
		{861B53BE-6562-423B-80C4-2D93534D54A7} = {343B3E57-D9DC-4F22-A7B0-2039F09D54D1}
		{4E4C8DAB-BBB3-4531-890A-846AEB50A5D7} = {7E781B66-8D32-410E-9E69-750A0A96CB90}
	EndGlobalSection
	GlobalSection(ExtensibilityGlobals) = postSolution
		SolutionGuid = {04010573-0B52-443D-9205-4654945245BC}
	EndGlobalSection
EndGlobal
